PODS:
  - Nimble (9.0.0)
  - Quick (3.1.2)

DEPENDENCIES:
  - Nimble
  - Quick

SPEC REPOS:
  trunk:
    - Nimble
    - Quick

SPEC CHECKSUMS:
  Nimble: 3b4ec3fd40f1dc178058e0981107721c615643d8
  Quick: 60f0ea3b8e0cfc0df3259a5c06a238ad8b3c46e0

PODFILE CHECKSUM: aa4ec97477f7d82b8302ac1d1f6f7cbc47a99ba5

COCOAPODS: 1.10.1
