{
  "object": {
    "pins": [
      {
        "package": "SwiftUIPager",
        "repositoryURL": "https://github.com/fermoya/SwiftUIPager.git",
        "state": {
          "branch": null,
          "revision": "80a31d0e6d95f7216eb7bfe16f66d8b533fe857b",
          "version": "2.2.0"
        }
      }
    ]
  },
  "version": 1
}
